
Microsoft Visual Studio Solution File, Format Version 12.00
# Visual Studio Version 17
VisualStudioVersion = 17.5.33414.496
MinimumVisualStudioVersion = 10.0.40219.1
Project("{FAE04EC0-301F-11D3-BF4B-00C04F79EFBC}") = "MultiTimezoneClock", "MultiTimezoneClock.csproj", "{259A58EF-2518-4C02-86E4-115C34FE0EB1}"
EndProject
Global
	GlobalSection(SolutionConfigurationPlatforms) = preSolution
		Debug|Any CPU = Debug|Any CPU
		Release|Any CPU = Release|Any CPU
	EndGlobalSection
	GlobalSection(ProjectConfigurationPlatforms) = postSolution
		{259A58EF-2518-4C02-86E4-115C34FE0EB1}.Debug|Any CPU.ActiveCfg = Debug|Any CPU
		{259A58EF-2518-4C02-86E4-115C34FE0EB1}.Debug|Any CPU.Build.0 = Debug|Any CPU
		{259A58EF-2518-4C02-86E4-115C34FE0EB1}.Release|Any CPU.ActiveCfg = Release|Any CPU
		{259A58EF-2518-4C02-86E4-115C34FE0EB1}.Release|Any CPU.Build.0 = Release|Any CPU
	EndGlobalSection
	GlobalSection(SolutionProperties) = preSolution
		HideSolutionNode = FALSE
	EndGlobalSection
	GlobalSection(ExtensibilityGlobals) = postSolution
		SolutionGuid = {49DC553F-D17A-4DFF-BEBA-F5396D3B1C06}
	EndGlobalSection
EndGlobal
